
Microsoft Visual Studio Solution File, Format Version 12.00
# Visual Studio Version 17
VisualStudioVersion = 17.10.35122.118
MinimumVisualStudioVersion = 10.0.40219.1
Project("{FAE04EC0-301F-11D3-BF4B-00C04F79EFBC}") = "MovieAppRESTAPI", "MovieAppRESTAPI.csproj", "{480A0101-E754-4DA2-AC2E-7EE85142236A}"
EndProject
Global
	GlobalSection(SolutionConfigurationPlatforms) = preSolution
		Debug|Any CPU = Debug|Any CPU
		Release|Any CPU = Release|Any CPU
	EndGlobalSection
	GlobalSection(ProjectConfigurationPlatforms) = postSolution
		{480A0101-E754-4DA2-AC2E-7EE85142236A}.Debug|Any CPU.ActiveCfg = Debug|Any CPU
		{480A0101-E754-4DA2-AC2E-7EE85142236A}.Debug|Any CPU.Build.0 = Debug|Any CPU
		{480A0101-E754-4DA2-AC2E-7EE85142236A}.Release|Any CPU.ActiveCfg = Release|Any CPU
		{480A0101-E754-4DA2-AC2E-7EE85142236A}.Release|Any CPU.Build.0 = Release|Any CPU
	EndGlobalSection
	GlobalSection(SolutionProperties) = preSolution
		HideSolutionNode = FALSE
	EndGlobalSection
	GlobalSection(ExtensibilityGlobals) = postSolution
		SolutionGuid = {DE4F3223-C63C-42B1-A5A4-5509DACD0D3C}
	EndGlobalSection
EndGlobal
