
Microsoft Visual Studio Solution File, Format Version 12.00
# Visual Studio Version 17
VisualStudioVersion = 17.10.35122.118
MinimumVisualStudioVersion = 10.0.40219.1
Project("{9A19103F-16F7-4668-BE54-9A1E7A4F7556}") = "MovieApplication", "MovieApplication\MovieApplication.csproj", "{04870F0E-726B-42BE-8A42-6B8B299ADD6B}"
EndProject
Global
	GlobalSection(SolutionConfigurationPlatforms) = preSolution
		Debug|Any CPU = Debug|Any CPU
		Release|Any CPU = Release|Any CPU
	EndGlobalSection
	GlobalSection(ProjectConfigurationPlatforms) = postSolution
		{04870F0E-726B-42BE-8A42-6B8B299ADD6B}.Debug|Any CPU.ActiveCfg = Debug|Any CPU
		{04870F0E-726B-42BE-8A42-6B8B299ADD6B}.Debug|Any CPU.Build.0 = Debug|Any CPU
		{04870F0E-726B-42BE-8A42-6B8B299ADD6B}.Release|Any CPU.ActiveCfg = Release|Any CPU
		{04870F0E-726B-42BE-8A42-6B8B299ADD6B}.Release|Any CPU.Build.0 = Release|Any CPU
	EndGlobalSection
	GlobalSection(SolutionProperties) = preSolution
		HideSolutionNode = FALSE
	EndGlobalSection
	GlobalSection(ExtensibilityGlobals) = postSolution
		SolutionGuid = {20CDD8A7-A10B-4F20-8FB2-B51DFE3C4C29}
	EndGlobalSection
EndGlobal
