
Microsoft Visual Studio Solution File, Format Version 12.00
# Visual Studio Version 17
VisualStudioVersion = 17.10.35122.118
MinimumVisualStudioVersion = 10.0.40219.1
Project("{FAE04EC0-301F-11D3-BF4B-00C04F79EFBC}") = "TransferFundsApplication", "TransferFundsApplication\TransferFundsApplication.csproj", "{6C7C158C-C527-40D6-9056-7A508F896246}"
EndProject
Global
	GlobalSection(SolutionConfigurationPlatforms) = preSolution
		Debug|Any CPU = Debug|Any CPU
		Release|Any CPU = Release|Any CPU
	EndGlobalSection
	GlobalSection(ProjectConfigurationPlatforms) = postSolution
		{6C7C158C-C527-40D6-9056-7A508F896246}.Debug|Any CPU.ActiveCfg = Debug|Any CPU
		{6C7C158C-C527-40D6-9056-7A508F896246}.Debug|Any CPU.Build.0 = Debug|Any CPU
		{6C7C158C-C527-40D6-9056-7A508F896246}.Release|Any CPU.ActiveCfg = Release|Any CPU
		{6C7C158C-C527-40D6-9056-7A508F896246}.Release|Any CPU.Build.0 = Release|Any CPU
	EndGlobalSection
	GlobalSection(SolutionProperties) = preSolution
		HideSolutionNode = FALSE
	EndGlobalSection
	GlobalSection(ExtensibilityGlobals) = postSolution
		SolutionGuid = {3E777E04-4E5A-4DBC-B763-0F1FA4C77D6C}
	EndGlobalSection
EndGlobal
