
Microsoft Visual Studio Solution File, Format Version 12.00
# Visual Studio Version 17
VisualStudioVersion = 17.10.35122.118
MinimumVisualStudioVersion = 10.0.40219.1
Project("{FAE04EC0-301F-11D3-BF4B-00C04F79EFBC}") = "AssignementCompany", "AssignementCompany\AssignementCompany.csproj", "{B88CCEA4-B9C7-4691-9450-1A35B8540A8D}"
EndProject
Global
	GlobalSection(SolutionConfigurationPlatforms) = preSolution
		Debug|Any CPU = Debug|Any CPU
		Release|Any CPU = Release|Any CPU
	EndGlobalSection
	GlobalSection(ProjectConfigurationPlatforms) = postSolution
		{B88CCEA4-B9C7-4691-9450-1A35B8540A8D}.Debug|Any CPU.ActiveCfg = Debug|Any CPU
		{B88CCEA4-B9C7-4691-9450-1A35B8540A8D}.Debug|Any CPU.Build.0 = Debug|Any CPU
		{B88CCEA4-B9C7-4691-9450-1A35B8540A8D}.Release|Any CPU.ActiveCfg = Release|Any CPU
		{B88CCEA4-B9C7-4691-9450-1A35B8540A8D}.Release|Any CPU.Build.0 = Release|Any CPU
	EndGlobalSection
	GlobalSection(SolutionProperties) = preSolution
		HideSolutionNode = FALSE
	EndGlobalSection
	GlobalSection(ExtensibilityGlobals) = postSolution
		SolutionGuid = {2CA431DB-B102-41B8-AC98-85CE9AAF5ECE}
	EndGlobalSection
EndGlobal
