
Microsoft Visual Studio Solution File, Format Version 12.00
# Visual Studio Version 17
VisualStudioVersion = 17.10.35122.118
MinimumVisualStudioVersion = 10.0.40219.1
Project("{FAE04EC0-301F-11D3-BF4B-00C04F79EFBC}") = "ConsoleApp1", "ConsoleApp1\ConsoleApp1.csproj", "{F2158E8E-B6F1-43A0-9D0D-DC229F9BCDE6}"
EndProject
Global
	GlobalSection(SolutionConfigurationPlatforms) = preSolution
		Debug|Any CPU = Debug|Any CPU
		Release|Any CPU = Release|Any CPU
	EndGlobalSection
	GlobalSection(ProjectConfigurationPlatforms) = postSolution
		{F2158E8E-B6F1-43A0-9D0D-DC229F9BCDE6}.Debug|Any CPU.ActiveCfg = Debug|Any CPU
		{F2158E8E-B6F1-43A0-9D0D-DC229F9BCDE6}.Debug|Any CPU.Build.0 = Debug|Any CPU
		{F2158E8E-B6F1-43A0-9D0D-DC229F9BCDE6}.Release|Any CPU.ActiveCfg = Release|Any CPU
		{F2158E8E-B6F1-43A0-9D0D-DC229F9BCDE6}.Release|Any CPU.Build.0 = Release|Any CPU
	EndGlobalSection
	GlobalSection(SolutionProperties) = preSolution
		HideSolutionNode = FALSE
	EndGlobalSection
	GlobalSection(ExtensibilityGlobals) = postSolution
		SolutionGuid = {FC814159-C857-4E9A-B2E6-3F49EFA6C1FF}
	EndGlobalSection
EndGlobal
